
Microsoft Visual Studio Solution File, Format Version 12.00
# Visual Studio Version 16
VisualStudioVersion = 16.0.31112.23
MinimumVisualStudioVersion = 10.0.40219.1
Project("{FAE04EC0-301F-11D3-BF4B-00C04F79EFBC}") = "TurtleChallenge", "TurtleChallenge.csproj", "{AA2BA0C9-29D7-43D7-9341-8145437C9089}"
EndProject
Global
	GlobalSection(SolutionConfigurationPlatforms) = preSolution
		Debug|Any CPU = Debug|Any CPU
		Release|Any CPU = Release|Any CPU
	EndGlobalSection
	GlobalSection(ProjectConfigurationPlatforms) = postSolution
		{AA2BA0C9-29D7-43D7-9341-8145437C9089}.Debug|Any CPU.ActiveCfg = Debug|Any CPU
		{AA2BA0C9-29D7-43D7-9341-8145437C9089}.Debug|Any CPU.Build.0 = Debug|Any CPU
		{AA2BA0C9-29D7-43D7-9341-8145437C9089}.Release|Any CPU.ActiveCfg = Release|Any CPU
		{AA2BA0C9-29D7-43D7-9341-8145437C9089}.Release|Any CPU.Build.0 = Release|Any CPU
	EndGlobalSection
	GlobalSection(SolutionProperties) = preSolution
		HideSolutionNode = FALSE
	EndGlobalSection
	GlobalSection(ExtensibilityGlobals) = postSolution
		SolutionGuid = {5408D20F-4C4A-4B7F-80DC-9E0C148C3D1E}
	EndGlobalSection
EndGlobal
